// !$*UTF8*$!
{
	archiveVersion = 1;
	classes = {
	};
	objectVersion = 46;
	objects = {

/* Begin PBXFileReference section */
		84144E971BC64063004DF673 /* config_4x40s_1080p.plist */ = {isa = PBXFileReference; fileEncoding = 4; lastKnownFileType = text.plist.xml; path = config_4x40s_1080p.plist; sourceTree = "<group>"; };
		8418ECBF17025DF5007A25C4 /* 07_MEI_4x40s_Sandy.txt */ = {isa = PBXFileReference; lastKnownFileType = text; lineEnding = 0; name = 07_MEI_4x40s_Sandy.txt; path = patches/07_MEI_4x40s_Sandy.txt; sourceTree = "<group>"; };
		842CC2BE189750A4008240D1 /* 04b_FanSmooth.txt */ = {isa = PBXFileReference; fileEncoding = 4; lastKnownFileType = text; name = 04b_FanSmooth.txt; path = patches/04b_FanSmooth.txt; sourceTree = "<group>"; };
		842F94371858FA4400BAF14B /* 12_Brightness.txt */ = {isa = PBXFileReference; fileEncoding = 4; lastKnownFileType = text; name = 12_Brightness.txt; path = patches/12_Brightness.txt; sourceTree = "<group>"; };
		843DA4791706024900E87F04 /* Mini-SSDT-DualLink.dsl */ = {isa = PBXFileReference; lastKnownFileType = text; lineEnding = 0; name = "Mini-SSDT-DualLink.dsl"; path = "mini/Mini-SSDT-DualLink.dsl"; sourceTree = "<group>"; };
		8456BC3D1752A827008F4353 /* Mini-SSDT-DisableGraphics.dsl */ = {isa = PBXFileReference; fileEncoding = 4; lastKnownFileType = text; name = "Mini-SSDT-DisableGraphics.dsl"; path = "mini/Mini-SSDT-DisableGraphics.dsl"; sourceTree = "<group>"; };
		845A57FA1733114800E882FA /* 04b_FanQuietMod.txt */ = {isa = PBXFileReference; fileEncoding = 4; lastKnownFileType = text; name = 04b_FanQuietMod.txt; path = patches/04b_FanQuietMod.txt; sourceTree = "<group>"; };
		845FE5EF1702639F004601B0 /* .maciasl */ = {isa = PBXFileReference; fileEncoding = 4; lastKnownFileType = text; path = .maciasl; sourceTree = "<group>"; usesTabs = 1; };
		846B57131706046600E19787 /* Mini-SSDT.dsl */ = {isa = PBXFileReference; fileEncoding = 4; lastKnownFileType = text; name = "Mini-SSDT.dsl"; path = "mini/Mini-SSDT.dsl"; sourceTree = "<group>"; };
		8470FEA0180B7FD700FA322E /* 08b_BCM4322x.txt */ = {isa = PBXFileReference; fileEncoding = 4; lastKnownFileType = text; name = 08b_BCM4322x.txt; path = patches/08b_BCM4322x.txt; sourceTree = "<group>"; };
		847F5ED81B50873A00825CE8 /* 09_USB3_4x40s_10_11.txt */ = {isa = PBXFileReference; fileEncoding = 4; lastKnownFileType = text; name = 09_USB3_4x40s_10_11.txt; path = patches/09_USB3_4x40s_10_11.txt; sourceTree = "<group>"; };
		847F5EDB1B508B2C00825CE8 /* Info.plist */ = {isa = PBXFileReference; fileEncoding = 4; lastKnownFileType = text.plist.xml; name = Info.plist; path = USBXHCI_4x40s.kext/Contents/Info.plist; sourceTree = "<group>"; };
		847F5EDC1B508B4B00825CE8 /* patch_backlight.sh */ = {isa = PBXFileReference; fileEncoding = 4; lastKnownFileType = text.script.sh; path = patch_backlight.sh; sourceTree = "<group>"; };
		847F5EDD1B508B4B00825CE8 /* Backlight.plist */ = {isa = PBXFileReference; fileEncoding = 4; lastKnownFileType = text.plist.xml; path = Backlight.plist; sourceTree = "<group>"; };
		84817C301878CFE00061AF92 /* 13_Brightness.txt */ = {isa = PBXFileReference; fileEncoding = 4; lastKnownFileType = text; name = 13_Brightness.txt; path = patches/13_Brightness.txt; sourceTree = "<group>"; };
		84878E3B17445FE100F82A03 /* 00_Optimize.txt */ = {isa = PBXFileReference; fileEncoding = 4; lastKnownFileType = text; name = 00_Optimize.txt; path = patches/00_Optimize.txt; sourceTree = "<group>"; };
		8499C9761704B5F70066A5F3 /* NullPatch.txt */ = {isa = PBXFileReference; lastKnownFileType = text; name = NullPatch.txt; path = patches/NullPatch.txt; sourceTree = "<group>"; };
		849EBD50170340BF007EFCFF /* xx_KeyBacklight.txt */ = {isa = PBXFileReference; lastKnownFileType = text; name = xx_KeyBacklight.txt; path = patches/xx_KeyBacklight.txt; sourceTree = "<group>"; };
		84B165B81856183900C2DF39 /* 11a_Radeon_OFF_SSDT.txt */ = {isa = PBXFileReference; fileEncoding = 4; lastKnownFileType = text; name = 11a_Radeon_OFF_SSDT.txt; path = patches/11a_Radeon_OFF_SSDT.txt; sourceTree = "<group>"; };
		84B165B91856187E00C2DF39 /* 11b_Radeon_OFF_DSDT.txt */ = {isa = PBXFileReference; fileEncoding = 4; lastKnownFileType = text; name = 11b_Radeon_OFF_DSDT.txt; path = patches/11b_Radeon_OFF_DSDT.txt; sourceTree = "<group>"; };
		84B941FD1703347E00C5913C /* 08a_AR9285.txt */ = {isa = PBXFileReference; lastKnownFileType = text; lineEnding = 0; name = 08a_AR9285.txt; path = patches/08a_AR9285.txt; sourceTree = "<group>"; };
		84B9D51916FFE684002CD441 /* 01_Compilation.txt */ = {isa = PBXFileReference; fileEncoding = 4; lastKnownFileType = text; name = 01_Compilation.txt; path = patches/01_Compilation.txt; sourceTree = "<group>"; };
		84B9D51A16FFE684002CD441 /* 02_DSDTPatch.txt */ = {isa = PBXFileReference; fileEncoding = 4; lastKnownFileType = text; lineEnding = 0; name = 02_DSDTPatch.txt; path = patches/02_DSDTPatch.txt; sourceTree = "<group>"; };
		84B9D51C16FFE684002CD441 /* 03a_HDMI.txt */ = {isa = PBXFileReference; fileEncoding = 4; lastKnownFileType = text; lineEnding = 0; name = 03a_HDMI.txt; path = patches/03a_HDMI.txt; sourceTree = "<group>"; };
		84B9D51E16FFE684002CD441 /* 03b_1080p+HDMI.txt */ = {isa = PBXFileReference; fileEncoding = 4; lastKnownFileType = text; lineEnding = 0; name = "03b_1080p+HDMI.txt"; path = "patches/03b_1080p+HDMI.txt"; sourceTree = "<group>"; };
		84B9D51F16FFE684002CD441 /* 04b_FanQuiet.txt */ = {isa = PBXFileReference; fileEncoding = 4; lastKnownFileType = text; name = 04b_FanQuiet.txt; path = patches/04b_FanQuiet.txt; sourceTree = "<group>"; };
		84B9D52016FFE684002CD441 /* 04a_FanPatch.txt */ = {isa = PBXFileReference; fileEncoding = 4; lastKnownFileType = text; name = 04a_FanPatch.txt; path = patches/04a_FanPatch.txt; sourceTree = "<group>"; };
		84B9D52116FFE684002CD441 /* 05_OScheck.txt */ = {isa = PBXFileReference; fileEncoding = 4; lastKnownFileType = text; name = 05_OScheck.txt; path = patches/05_OScheck.txt; sourceTree = "<group>"; };
		84B9D52216FFE684002CD441 /* 06_Battery.txt */ = {isa = PBXFileReference; fileEncoding = 4; lastKnownFileType = text; name = 06_Battery.txt; path = patches/06_Battery.txt; sourceTree = "<group>"; };
		84B9D52416FFE684002CD441 /* xx_Brightness.txt */ = {isa = PBXFileReference; fileEncoding = 4; lastKnownFileType = text; name = xx_Brightness.txt; path = patches/xx_Brightness.txt; sourceTree = "<group>"; };
		84B9D52516FFE684002CD441 /* License.md */ = {isa = PBXFileReference; fileEncoding = 4; lastKnownFileType = text; path = License.md; sourceTree = "<group>"; };
		84B9D52616FFE684002CD441 /* makefile */ = {isa = PBXFileReference; fileEncoding = 4; lastKnownFileType = sourcecode.make; lineEnding = 0; path = makefile; sourceTree = "<group>"; usesTabs = 1; };
		84B9D52716FFE684002CD441 /* README.txt */ = {isa = PBXFileReference; fileEncoding = 4; lastKnownFileType = text; path = README.txt; sourceTree = "<group>"; };
		84D4D88B17025A4E004FF373 /* 02a_EHCI_4x30s.txt */ = {isa = PBXFileReference; lastKnownFileType = text; lineEnding = 0; name = 02a_EHCI_4x30s.txt; path = patches/02a_EHCI_4x30s.txt; sourceTree = "<group>"; };
		84D4D88D17025AFA004FF373 /* 02b_EHCI_4x40s.txt */ = {isa = PBXFileReference; lastKnownFileType = text; lineEnding = 0; name = 02b_EHCI_4x40s.txt; path = patches/02b_EHCI_4x40s.txt; sourceTree = "<group>"; };
		84D4D88F17025C86004FF373 /* 04c_FanSpeed.txt */ = {isa = PBXFileReference; lastKnownFileType = text; name = 04c_FanSpeed.txt; path = patches/04c_FanSpeed.txt; sourceTree = "<group>"; };
		84DA7C6317033BC400738DC0 /* 09_USB3_4x40s_Mieze.txt */ = {isa = PBXFileReference; lastKnownFileType = text; name = 09_USB3_4x40s_Mieze.txt; path = patches/09_USB3_4x40s_Mieze.txt; sourceTree = "<group>"; };
		84E815E21752C76500B9EF1E /* Mini-SSDT-AR9285.dsl */ = {isa = PBXFileReference; fileEncoding = 4; lastKnownFileType = text; name = "Mini-SSDT-AR9285.dsl"; path = "mini/Mini-SSDT-AR9285.dsl"; sourceTree = "<group>"; };
		84EEDDDC1BC605BE000F5071 /* SSDT-HACK.dsl */ = {isa = PBXFileReference; fileEncoding = 4; lastKnownFileType = text; path = "SSDT-HACK.dsl"; sourceTree = "<group>"; };
		84F52D0B1709C9A3001643C8 /* Mini-SSDT-IMEI.dsl */ = {isa = PBXFileReference; lastKnownFileType = text; name = "Mini-SSDT-IMEI.dsl"; path = "mini/Mini-SSDT-IMEI.dsl"; sourceTree = "<group>"; };
		84F616791850BC650053B76E /* 10_LPC_4x40s_Sandy_SL.txt */ = {isa = PBXFileReference; fileEncoding = 4; lastKnownFileType = text; name = 10_LPC_4x40s_Sandy_SL.txt; path = patches/10_LPC_4x40s_Sandy_SL.txt; sourceTree = "<group>"; };
		84FD879D18BCC6B1000BC61E /* 03c_Haswell-HDMI.txt */ = {isa = PBXFileReference; fileEncoding = 4; lastKnownFileType = text; name = "03c_Haswell-HDMI.txt"; path = "patches/03c_Haswell-HDMI.txt"; sourceTree = "<group>"; };
		ED634E2619FD2A9B00289C54 /* 14_ProBook-102key.txt */ = {isa = PBXFileReference; fileEncoding = 4; lastKnownFileType = text; name = "14_ProBook-102key.txt"; path = "patches/14_ProBook-102key.txt"; sourceTree = "<group>"; };
		ED634E2719FD2B3E00289C54 /* 14_ProBook-87key.txt */ = {isa = PBXFileReference; fileEncoding = 4; lastKnownFileType = text; name = "14_ProBook-87key.txt"; path = "patches/14_ProBook-87key.txt"; sourceTree = "<group>"; };
		ED72750B1BE1B1D700314108 /* config_4x30s_768p.plist */ = {isa = PBXFileReference; fileEncoding = 4; lastKnownFileType = text.plist.xml; path = config_4x30s_768p.plist; sourceTree = "<group>"; };
		EDB940B71C04D11C00480024 /* SSDT-BATT.dsl */ = {isa = PBXFileReference; fileEncoding = 4; lastKnownFileType = text; path = "SSDT-BATT.dsl"; sourceTree = "<group>"; };
		EDB940B81C04D12300480024 /* config_4x0_G2_Broadwell.plist */ = {isa = PBXFileReference; fileEncoding = 4; lastKnownFileType = text.plist.xml; path = config_4x0_G2_Broadwell.plist; sourceTree = "<group>"; };
		EDB940B91C04D2CB00480024 /* SSDT-BATT-G2.dsl */ = {isa = PBXFileReference; fileEncoding = 4; lastKnownFileType = text; path = "SSDT-BATT-G2.dsl"; sourceTree = "<group>"; };
		EDB940BB1C04D4D400480024 /* SSDT-KEY102.dsl */ = {isa = PBXFileReference; fileEncoding = 4; lastKnownFileType = text; path = "SSDT-KEY102.dsl"; sourceTree = "<group>"; };
		EDB940BC1C04D4D400480024 /* SSDT-KEY87.dsl */ = {isa = PBXFileReference; fileEncoding = 4; lastKnownFileType = text; path = "SSDT-KEY87.dsl"; sourceTree = "<group>"; };
		EDB940BD1C04D78800480024 /* SSDT-FAN-QUIET.dsl */ = {isa = PBXFileReference; fileEncoding = 4; lastKnownFileType = text; path = "SSDT-FAN-QUIET.dsl"; sourceTree = "<group>"; };
		EDB940BE1C04D99A00480024 /* SSDT-FAN-READ.dsl */ = {isa = PBXFileReference; fileEncoding = 4; lastKnownFileType = text; path = "SSDT-FAN-READ.dsl"; sourceTree = "<group>"; };
		EDB940BF1C04D99A00480024 /* SSDT-FAN-ORIG.dsl */ = {isa = PBXFileReference; fileEncoding = 4; lastKnownFileType = text; path = "SSDT-FAN-ORIG.dsl"; sourceTree = "<group>"; };
		EDB940C01C04D9D500480024 /* SSDT-FAN-SMOOTH.dsl */ = {isa = PBXFileReference; fileEncoding = 4; lastKnownFileType = text; path = "SSDT-FAN-SMOOTH.dsl"; sourceTree = "<group>"; };
		EDBFC62A1AC74DA600E24D1F /* 06a_Battery_PNOT.txt */ = {isa = PBXFileReference; fileEncoding = 4; lastKnownFileType = text; name = 06a_Battery_PNOT.txt; path = patches/06a_Battery_PNOT.txt; sourceTree = "<group>"; };
		EDCE9C1F1C050F3800A8430F /* config_4x0_Gx_Haswell.plist */ = {isa = PBXFileReference; fileEncoding = 4; lastKnownFileType = text.plist.xml; path = config_4x0_Gx_Haswell.plist; sourceTree = "<group>"; };
		EDF9A6211C0514C300A2E045 /* SSDT-IGPU.dsl */ = {isa = PBXFileReference; fileEncoding = 4; lastKnownFileType = text; path = "SSDT-IGPU.dsl"; sourceTree = "<group>"; };
/* End PBXFileReference section */

/* Begin PBXGroup section */
		847F5ED91B508AFC00825CE8 /* backlight */ = {
			isa = PBXGroup;
			children = (
				847F5EDC1B508B4B00825CE8 /* patch_backlight.sh */,
				847F5EDD1B508B4B00825CE8 /* Backlight.plist */,
			);
			name = backlight;
			sourceTree = "<group>";
		};
		847F5EDA1B508B0800825CE8 /* USBXHCI_4x40s.kext */ = {
			isa = PBXGroup;
			children = (
				847F5EDB1B508B2C00825CE8 /* Info.plist */,
			);
			name = USBXHCI_4x40s.kext;
			sourceTree = "<group>";
		};
		847F5EDF1B508B8200825CE8 /* mini-SSDTs */ = {
			isa = PBXGroup;
			children = (
				846B57131706046600E19787 /* Mini-SSDT.dsl */,
				843DA4791706024900E87F04 /* Mini-SSDT-DualLink.dsl */,
				84F52D0B1709C9A3001643C8 /* Mini-SSDT-IMEI.dsl */,
				8456BC3D1752A827008F4353 /* Mini-SSDT-DisableGraphics.dsl */,
				84E815E21752C76500B9EF1E /* Mini-SSDT-AR9285.dsl */,
			);
			name = "mini-SSDTs";
			sourceTree = "<group>";
		};
		847F5EE01B508C1400825CE8 /* other patches */ = {
			isa = PBXGroup;
			children = (
				84B9D52416FFE684002CD441 /* xx_Brightness.txt */,
				849EBD50170340BF007EFCFF /* xx_KeyBacklight.txt */,
			);
			name = "other patches";
			sourceTree = "<group>";
		};
		847F5EE11B508C2300825CE8 /* ProBook patches */ = {
			isa = PBXGroup;
			children = (
				84878E3B17445FE100F82A03 /* 00_Optimize.txt */,
				84B9D51916FFE684002CD441 /* 01_Compilation.txt */,
				84B9D51A16FFE684002CD441 /* 02_DSDTPatch.txt */,
				84D4D88B17025A4E004FF373 /* 02a_EHCI_4x30s.txt */,
				84D4D88D17025AFA004FF373 /* 02b_EHCI_4x40s.txt */,
				84B9D51C16FFE684002CD441 /* 03a_HDMI.txt */,
				84B9D51E16FFE684002CD441 /* 03b_1080p+HDMI.txt */,
				84FD879D18BCC6B1000BC61E /* 03c_Haswell-HDMI.txt */,
				84B9D52016FFE684002CD441 /* 04a_FanPatch.txt */,
				84B9D51F16FFE684002CD441 /* 04b_FanQuiet.txt */,
				845A57FA1733114800E882FA /* 04b_FanQuietMod.txt */,
				84D4D88F17025C86004FF373 /* 04c_FanSpeed.txt */,
				842CC2BE189750A4008240D1 /* 04b_FanSmooth.txt */,
				84B9D52116FFE684002CD441 /* 05_OScheck.txt */,
				84B9D52216FFE684002CD441 /* 06_Battery.txt */,
				EDBFC62A1AC74DA600E24D1F /* 06a_Battery_PNOT.txt */,
				8418ECBF17025DF5007A25C4 /* 07_MEI_4x40s_Sandy.txt */,
				84B941FD1703347E00C5913C /* 08a_AR9285.txt */,
				8470FEA0180B7FD700FA322E /* 08b_BCM4322x.txt */,
				84DA7C6317033BC400738DC0 /* 09_USB3_4x40s_Mieze.txt */,
				847F5ED81B50873A00825CE8 /* 09_USB3_4x40s_10_11.txt */,
				84F616791850BC650053B76E /* 10_LPC_4x40s_Sandy_SL.txt */,
				84B165B81856183900C2DF39 /* 11a_Radeon_OFF_SSDT.txt */,
				84B165B91856187E00C2DF39 /* 11b_Radeon_OFF_DSDT.txt */,
				842F94371858FA4400BAF14B /* 12_Brightness.txt */,
				84817C301878CFE00061AF92 /* 13_Brightness.txt */,
				ED634E2719FD2B3E00289C54 /* 14_ProBook-87key.txt */,
				ED634E2619FD2A9B00289C54 /* 14_ProBook-102key.txt */,
				8499C9761704B5F70066A5F3 /* NullPatch.txt */,
			);
			name = "ProBook patches";
			sourceTree = "<group>";
		};
		84B9D50E16FFE58F002CD441 = {
			isa = PBXGroup;
			children = (
				84B9D52716FFE684002CD441 /* README.txt */,
				84B9D52516FFE684002CD441 /* License.md */,
				84B9D52616FFE684002CD441 /* makefile */,
				EDB940BA1C04D44500480024 /* hotpatch */,
				845FE5EF1702639F004601B0 /* .maciasl */,
				847F5EE11B508C2300825CE8 /* ProBook patches */,
				847F5EDF1B508B8200825CE8 /* mini-SSDTs */,
				847F5EDA1B508B0800825CE8 /* USBXHCI_4x40s.kext */,
				847F5ED91B508AFC00825CE8 /* backlight */,
				847F5EE01B508C1400825CE8 /* other patches */,
			);
			sourceTree = "<group>";
		};
		EDB940BA1C04D44500480024 /* hotpatch */ = {
			isa = PBXGroup;
			children = (
				84EEDDDC1BC605BE000F5071 /* SSDT-HACK.dsl */,
				EDF9A6211C0514C300A2E045 /* SSDT-IGPU.dsl */,
				EDB940B71C04D11C00480024 /* SSDT-BATT.dsl */,
				EDB940B91C04D2CB00480024 /* SSDT-BATT-G2.dsl */,
				EDB940BC1C04D4D400480024 /* SSDT-KEY87.dsl */,
				EDB940BB1C04D4D400480024 /* SSDT-KEY102.dsl */,
				EDB940BD1C04D78800480024 /* SSDT-FAN-QUIET.dsl */,
				EDB940C01C04D9D500480024 /* SSDT-FAN-SMOOTH.dsl */,
				EDB940BF1C04D99A00480024 /* SSDT-FAN-ORIG.dsl */,
				EDB940BE1C04D99A00480024 /* SSDT-FAN-READ.dsl */,
				ED72750B1BE1B1D700314108 /* config_4x30s_768p.plist */,
				84144E971BC64063004DF673 /* config_4x40s_1080p.plist */,
				EDCE9C1F1C050F3800A8430F /* config_4x0_Gx_Haswell.plist */,
				EDB940B81C04D12300480024 /* config_4x0_G2_Broadwell.plist */,
			);
			name = hotpatch;
			sourceTree = "<group>";
		};
/* End PBXGroup section */

/* Begin PBXLegacyTarget section */
		84B9D51316FFE58F002CD441 /* Patches */ = {
			isa = PBXLegacyTarget;
			buildArgumentsString = "$(ACTION)";
			buildConfigurationList = 84B9D51616FFE58F002CD441 /* Build configuration list for PBXLegacyTarget "Patches" */;
			buildPhases = (
			);
			buildToolPath = /usr/bin/make;
			dependencies = (
			);
			name = Patches;
			passBuildSettingsInEnvironment = 1;
			productName = Patches;
		};
/* End PBXLegacyTarget section */

/* Begin PBXProject section */
		84B9D50F16FFE58F002CD441 /* Project object */ = {
			isa = PBXProject;
			attributes = {
				LastUpgradeCheck = 0460;
				ORGANIZATIONNAME = RehabMan;
			};
			buildConfigurationList = 84B9D51216FFE58F002CD441 /* Build configuration list for PBXProject "Patches" */;
			compatibilityVersion = "Xcode 3.2";
			developmentRegion = English;
			hasScannedForEncodings = 0;
			knownRegions = (
				en,
			);
			mainGroup = 84B9D50E16FFE58F002CD441;
			projectDirPath = "";
			projectRoot = "";
			targets = (
				84B9D51316FFE58F002CD441 /* Patches */,
			);
		};
/* End PBXProject section */

/* Begin XCBuildConfiguration section */
		84B9D51516FFE58F002CD441 /* Release */ = {
			isa = XCBuildConfiguration;
			buildSettings = {
				ALWAYS_SEARCH_USER_PATHS = NO;
				ARCHS = "$(ARCHS_STANDARD_64_BIT)";
				CLANG_CXX_LANGUAGE_STANDARD = "gnu++0x";
				CLANG_CXX_LIBRARY = "libc++";
				CLANG_WARN_CONSTANT_CONVERSION = YES;
				CLANG_WARN_EMPTY_BODY = YES;
				CLANG_WARN_ENUM_CONVERSION = YES;
				CLANG_WARN_INT_CONVERSION = YES;
				CLANG_WARN__DUPLICATE_METHOD_MATCH = YES;
				COPY_PHASE_STRIP = YES;
				DEBUG_INFORMATION_FORMAT = "dwarf-with-dsym";
				GCC_C_LANGUAGE_STANDARD = gnu99;
				GCC_ENABLE_OBJC_EXCEPTIONS = YES;
				GCC_WARN_64_TO_32_BIT_CONVERSION = YES;
				GCC_WARN_ABOUT_RETURN_TYPE = YES;
				GCC_WARN_UNINITIALIZED_AUTOS = YES;
				GCC_WARN_UNUSED_VARIABLE = YES;
				MACOSX_DEPLOYMENT_TARGET = 10.8;
				SDKROOT = macosx;
			};
			name = Release;
		};
		84B9D51816FFE58F002CD441 /* Release */ = {
			isa = XCBuildConfiguration;
			buildSettings = {
				OTHER_CFLAGS = "";
				OTHER_LDFLAGS = "";
				PRODUCT_NAME = "$(TARGET_NAME)";
			};
			name = Release;
		};
/* End XCBuildConfiguration section */

/* Begin XCConfigurationList section */
		84B9D51216FFE58F002CD441 /* Build configuration list for PBXProject "Patches" */ = {
			isa = XCConfigurationList;
			buildConfigurations = (
				84B9D51516FFE58F002CD441 /* Release */,
			);
			defaultConfigurationIsVisible = 0;
			defaultConfigurationName = Release;
		};
		84B9D51616FFE58F002CD441 /* Build configuration list for PBXLegacyTarget "Patches" */ = {
			isa = XCConfigurationList;
			buildConfigurations = (
				84B9D51816FFE58F002CD441 /* Release */,
			);
			defaultConfigurationIsVisible = 0;
			defaultConfigurationName = Release;
		};
/* End XCConfigurationList section */
	};
	rootObject = 84B9D50F16FFE58F002CD441 /* Project object */;
}
