// !$*UTF8*$!
{
	archiveVersion = 1;
	classes = {
	};
	objectVersion = 46;
	objects = {

/* Begin PBXFileReference section */
		84144E971BC64063004DF673 /* config_4x40s.plist */ = {isa = PBXFileReference; fileEncoding = 4; lastKnownFileType = text.plist.xml; name = config_4x40s.plist; path = config/config_4x40s.plist; sourceTree = "<group>"; };
		8418ECBF17025DF5007A25C4 /* 07_MEI_4x40s_Sandy.txt */ = {isa = PBXFileReference; lastKnownFileType = text; lineEnding = 0; name = 07_MEI_4x40s_Sandy.txt; path = patches/07_MEI_4x40s_Sandy.txt; sourceTree = "<group>"; };
		842CC2BE189750A4008240D1 /* 04b_FanSmooth.txt */ = {isa = PBXFileReference; fileEncoding = 4; lastKnownFileType = text; name = 04b_FanSmooth.txt; path = patches/04b_FanSmooth.txt; sourceTree = "<group>"; };
		842F94371858FA4400BAF14B /* 12_Brightness.txt */ = {isa = PBXFileReference; fileEncoding = 4; lastKnownFileType = text; name = 12_Brightness.txt; path = patches/12_Brightness.txt; sourceTree = "<group>"; };
		843DA4791706024900E87F04 /* Mini-SSDT-DualLink.dsl */ = {isa = PBXFileReference; lastKnownFileType = text; lineEnding = 0; name = "Mini-SSDT-DualLink.dsl"; path = "mini/Mini-SSDT-DualLink.dsl"; sourceTree = "<group>"; };
		8456BC3D1752A827008F4353 /* Mini-SSDT-DisableGraphics.dsl */ = {isa = PBXFileReference; fileEncoding = 4; lastKnownFileType = text; name = "Mini-SSDT-DisableGraphics.dsl"; path = "mini/Mini-SSDT-DisableGraphics.dsl"; sourceTree = "<group>"; };
		845A57FA1733114800E882FA /* 04b_FanQuietMod.txt */ = {isa = PBXFileReference; fileEncoding = 4; lastKnownFileType = text; name = 04b_FanQuietMod.txt; path = patches/04b_FanQuietMod.txt; sourceTree = "<group>"; };
		845FE5EF1702639F004601B0 /* .maciasl */ = {isa = PBXFileReference; fileEncoding = 4; lastKnownFileType = text; path = .maciasl; sourceTree = "<group>"; usesTabs = 1; };
		846B57131706046600E19787 /* Mini-SSDT.dsl */ = {isa = PBXFileReference; fileEncoding = 4; lastKnownFileType = text; name = "Mini-SSDT.dsl"; path = "mini/Mini-SSDT.dsl"; sourceTree = "<group>"; };
		8470FEA0180B7FD700FA322E /* 08b_BCM4322x.txt */ = {isa = PBXFileReference; fileEncoding = 4; lastKnownFileType = text; name = 08b_BCM4322x.txt; path = patches/08b_BCM4322x.txt; sourceTree = "<group>"; };
		847F5ED81B50873A00825CE8 /* 09_USB3_4x40s_10_11.txt */ = {isa = PBXFileReference; fileEncoding = 4; lastKnownFileType = text; name = 09_USB3_4x40s_10_11.txt; path = patches/09_USB3_4x40s_10_11.txt; sourceTree = "<group>"; };
		847F5EDB1B508B2C00825CE8 /* Info.plist */ = {isa = PBXFileReference; fileEncoding = 4; lastKnownFileType = text.plist.xml; name = Info.plist; path = USBXHCI_4x40s.kext/Contents/Info.plist; sourceTree = "<group>"; };
		847F5EDC1B508B4B00825CE8 /* patch_backlight.sh */ = {isa = PBXFileReference; fileEncoding = 4; lastKnownFileType = text.script.sh; path = patch_backlight.sh; sourceTree = "<group>"; };
		847F5EDD1B508B4B00825CE8 /* Backlight_0x710.plist */ = {isa = PBXFileReference; fileEncoding = 4; lastKnownFileType = text.plist.xml; path = Backlight_0x710.plist; sourceTree = "<group>"; };
		84817C301878CFE00061AF92 /* 13_Brightness.txt */ = {isa = PBXFileReference; fileEncoding = 4; lastKnownFileType = text; name = 13_Brightness.txt; path = patches/13_Brightness.txt; sourceTree = "<group>"; };
		84878E3B17445FE100F82A03 /* 00_Optimize.txt */ = {isa = PBXFileReference; fileEncoding = 4; lastKnownFileType = text; name = 00_Optimize.txt; path = patches/00_Optimize.txt; sourceTree = "<group>"; };
		8499C9761704B5F70066A5F3 /* NullPatch.txt */ = {isa = PBXFileReference; lastKnownFileType = text; name = NullPatch.txt; path = patches/NullPatch.txt; sourceTree = "<group>"; };
		849EBD50170340BF007EFCFF /* xx_KeyBacklight.txt */ = {isa = PBXFileReference; lastKnownFileType = text; name = xx_KeyBacklight.txt; path = patches/xx_KeyBacklight.txt; sourceTree = "<group>"; };
		84A520C71C166BF5006C4C64 /* SSDT-USB-4x40s.dsl */ = {isa = PBXFileReference; fileEncoding = 4; lastKnownFileType = text; path = "SSDT-USB-4x40s.dsl"; sourceTree = "<group>"; };
		84B165B81856183900C2DF39 /* 11a_Radeon_OFF_SSDT.txt */ = {isa = PBXFileReference; fileEncoding = 4; lastKnownFileType = text; name = 11a_Radeon_OFF_SSDT.txt; path = patches/11a_Radeon_OFF_SSDT.txt; sourceTree = "<group>"; };
		84B165B91856187E00C2DF39 /* 11b_Radeon_OFF_DSDT.txt */ = {isa = PBXFileReference; fileEncoding = 4; lastKnownFileType = text; name = 11b_Radeon_OFF_DSDT.txt; path = patches/11b_Radeon_OFF_DSDT.txt; sourceTree = "<group>"; };
		84B941FD1703347E00C5913C /* 08a_AR9285.txt */ = {isa = PBXFileReference; lastKnownFileType = text; lineEnding = 0; name = 08a_AR9285.txt; path = patches/08a_AR9285.txt; sourceTree = "<group>"; };
		84B9D51916FFE684002CD441 /* 01_Compilation.txt */ = {isa = PBXFileReference; fileEncoding = 4; lastKnownFileType = text; name = 01_Compilation.txt; path = patches/01_Compilation.txt; sourceTree = "<group>"; };
		84B9D51A16FFE684002CD441 /* 02_DSDTPatch.txt */ = {isa = PBXFileReference; fileEncoding = 4; lastKnownFileType = text; lineEnding = 0; name = 02_DSDTPatch.txt; path = patches/02_DSDTPatch.txt; sourceTree = "<group>"; };
		84B9D51C16FFE684002CD441 /* 03a_HDMI.txt */ = {isa = PBXFileReference; fileEncoding = 4; lastKnownFileType = text; lineEnding = 0; name = 03a_HDMI.txt; path = patches/03a_HDMI.txt; sourceTree = "<group>"; };
		84B9D51E16FFE684002CD441 /* 03b_1080p+HDMI.txt */ = {isa = PBXFileReference; fileEncoding = 4; lastKnownFileType = text; lineEnding = 0; name = "03b_1080p+HDMI.txt"; path = "patches/03b_1080p+HDMI.txt"; sourceTree = "<group>"; };
		84B9D51F16FFE684002CD441 /* 04b_FanQuiet.txt */ = {isa = PBXFileReference; fileEncoding = 4; lastKnownFileType = text; name = 04b_FanQuiet.txt; path = patches/04b_FanQuiet.txt; sourceTree = "<group>"; };
		84B9D52016FFE684002CD441 /* 04a_FanPatch.txt */ = {isa = PBXFileReference; fileEncoding = 4; lastKnownFileType = text; name = 04a_FanPatch.txt; path = patches/04a_FanPatch.txt; sourceTree = "<group>"; };
		84B9D52116FFE684002CD441 /* 05_OScheck.txt */ = {isa = PBXFileReference; fileEncoding = 4; lastKnownFileType = text; name = 05_OScheck.txt; path = patches/05_OScheck.txt; sourceTree = "<group>"; };
		84B9D52216FFE684002CD441 /* 06_Battery.txt */ = {isa = PBXFileReference; fileEncoding = 4; lastKnownFileType = text; name = 06_Battery.txt; path = patches/06_Battery.txt; sourceTree = "<group>"; };
		84B9D52416FFE684002CD441 /* xx_Brightness.txt */ = {isa = PBXFileReference; fileEncoding = 4; lastKnownFileType = text; name = xx_Brightness.txt; path = patches/xx_Brightness.txt; sourceTree = "<group>"; };
		84B9D52516FFE684002CD441 /* License.md */ = {isa = PBXFileReference; fileEncoding = 4; lastKnownFileType = text; path = License.md; sourceTree = "<group>"; };
		84B9D52616FFE684002CD441 /* makefile */ = {isa = PBXFileReference; fileEncoding = 4; lastKnownFileType = sourcecode.make; lineEnding = 0; path = makefile; sourceTree = "<group>"; usesTabs = 1; };
		84B9D52716FFE684002CD441 /* README.txt */ = {isa = PBXFileReference; fileEncoding = 4; lastKnownFileType = text; path = README.txt; sourceTree = "<group>"; };
		84CF5EE71CA9DF2000FB64FA /* layout17.plist */ = {isa = PBXFileReference; fileEncoding = 4; lastKnownFileType = text.plist.xml; name = layout17.plist; path = Resources_ProBook/layout17.plist; sourceTree = "<group>"; };
		84CF5EE81CA9DF2000FB64FA /* layout18.plist */ = {isa = PBXFileReference; fileEncoding = 4; lastKnownFileType = text.plist.xml; name = layout18.plist; path = Resources_ProBook/layout18.plist; sourceTree = "<group>"; };
		84CF5EE91CA9DF2000FB64FA /* layout19.plist */ = {isa = PBXFileReference; fileEncoding = 4; lastKnownFileType = text.plist.xml; name = layout19.plist; path = Resources_ProBook/layout19.plist; sourceTree = "<group>"; };
		84CF5EEA1CA9DF3200FB64FA /* layout4.plist */ = {isa = PBXFileReference; fileEncoding = 4; lastKnownFileType = text.plist.xml; name = layout4.plist; path = Resources_ProBook/layout4.plist; sourceTree = "<group>"; };
		84D4D88B17025A4E004FF373 /* 02a_EHCI_4x30s.txt */ = {isa = PBXFileReference; lastKnownFileType = text; lineEnding = 0; name = 02a_EHCI_4x30s.txt; path = patches/02a_EHCI_4x30s.txt; sourceTree = "<group>"; };
		84D4D88D17025AFA004FF373 /* 02b_EHCI_4x40s.txt */ = {isa = PBXFileReference; lastKnownFileType = text; lineEnding = 0; name = 02b_EHCI_4x40s.txt; path = patches/02b_EHCI_4x40s.txt; sourceTree = "<group>"; };
		84D4D88F17025C86004FF373 /* 04c_FanSpeed.txt */ = {isa = PBXFileReference; lastKnownFileType = text; name = 04c_FanSpeed.txt; path = patches/04c_FanSpeed.txt; sourceTree = "<group>"; };
		84DA7C6317033BC400738DC0 /* 09_USB3_4x40s_Mieze.txt */ = {isa = PBXFileReference; lastKnownFileType = text; name = 09_USB3_4x40s_Mieze.txt; path = patches/09_USB3_4x40s_Mieze.txt; sourceTree = "<group>"; };
		84E815E21752C76500B9EF1E /* Mini-SSDT-AR9285.dsl */ = {isa = PBXFileReference; fileEncoding = 4; lastKnownFileType = text; name = "Mini-SSDT-AR9285.dsl"; path = "mini/Mini-SSDT-AR9285.dsl"; sourceTree = "<group>"; };
		84EEDDDC1BC605BE000F5071 /* SSDT-HACK.dsl */ = {isa = PBXFileReference; fileEncoding = 4; lastKnownFileType = text; path = "SSDT-HACK.dsl"; sourceTree = "<group>"; };
		84F52D0B1709C9A3001643C8 /* Mini-SSDT-IMEI.dsl */ = {isa = PBXFileReference; lastKnownFileType = text; name = "Mini-SSDT-IMEI.dsl"; path = "mini/Mini-SSDT-IMEI.dsl"; sourceTree = "<group>"; };
		84F616791850BC650053B76E /* 10_LPC_4x40s_Sandy_SL.txt */ = {isa = PBXFileReference; fileEncoding = 4; lastKnownFileType = text; name = 10_LPC_4x40s_Sandy_SL.txt; path = patches/10_LPC_4x40s_Sandy_SL.txt; sourceTree = "<group>"; };
		84FAF3521CA9FB630066178B /* config_ZBook_G2_Haswell.plist */ = {isa = PBXFileReference; fileEncoding = 4; lastKnownFileType = text.plist.xml; name = config_ZBook_G2_Haswell.plist; path = config/config_ZBook_G2_Haswell.plist; sourceTree = "<group>"; };
		84FD879D18BCC6B1000BC61E /* 03c_Haswell-HDMI.txt */ = {isa = PBXFileReference; fileEncoding = 4; lastKnownFileType = text; name = "03c_Haswell-HDMI.txt"; path = "patches/03c_Haswell-HDMI.txt"; sourceTree = "<group>"; };
		ED1278681C1655010094A691 /* SSDT-USB-4x0s-G2.dsl */ = {isa = PBXFileReference; fileEncoding = 4; lastKnownFileType = text; path = "SSDT-USB-4x0s-G2.dsl"; sourceTree = "<group>"; };
		ED1837421C0A4B1200A5A3DA /* merge_plist.sh */ = {isa = PBXFileReference; fileEncoding = 4; lastKnownFileType = text.script.sh; path = merge_plist.sh; sourceTree = "<group>"; };
		ED1837431C0A4B1200A5A3DA /* mount_efi.sh */ = {isa = PBXFileReference; fileEncoding = 4; lastKnownFileType = text.script.sh; path = mount_efi.sh; sourceTree = "<group>"; };
		ED1837441C0A4B1200A5A3DA /* patch_hda.sh */ = {isa = PBXFileReference; fileEncoding = 4; lastKnownFileType = text.script.sh; path = patch_hda.sh; sourceTree = "<group>"; };
		ED1837451C0A4B1200A5A3DA /* print_version.sh */ = {isa = PBXFileReference; fileEncoding = 4; lastKnownFileType = text.script.sh; path = print_version.sh; sourceTree = "<group>"; };
		ED1837461C0A4B1200A5A3DA /* ahhcd.plist */ = {isa = PBXFileReference; fileEncoding = 4; lastKnownFileType = text.plist.xml; name = ahhcd.plist; path = Resources_ProBook/ahhcd.plist; sourceTree = "<group>"; };
		ED1837471C0A4B1200A5A3DA /* layout3.plist */ = {isa = PBXFileReference; fileEncoding = 4; lastKnownFileType = text.plist.xml; name = layout3.plist; path = Resources_ProBook/layout3.plist; sourceTree = "<group>"; };
		ED1837481C0A4B1200A5A3DA /* layout12.plist */ = {isa = PBXFileReference; fileEncoding = 4; lastKnownFileType = text.plist.xml; name = layout12.plist; path = Resources_ProBook/layout12.plist; sourceTree = "<group>"; };
		ED1837491C0A4B1200A5A3DA /* layout13.plist */ = {isa = PBXFileReference; fileEncoding = 4; lastKnownFileType = text.plist.xml; name = layout13.plist; path = Resources_ProBook/layout13.plist; sourceTree = "<group>"; };
		ED18374D1C0A4B1200A5A3DA /* Platforms.plist */ = {isa = PBXFileReference; fileEncoding = 4; lastKnownFileType = text.plist.xml; name = Platforms.plist; path = Resources_ProBook/Platforms.plist; sourceTree = "<group>"; };
		ED18374E1C0A4B1200A5A3DA /* README.txt */ = {isa = PBXFileReference; fileEncoding = 4; lastKnownFileType = text; name = README.txt; path = Resources_ProBook/README.txt; sourceTree = "<group>"; };
		ED304EF01CB95CC100780D95 /* SSDT-USB-6x60.dsl */ = {isa = PBXFileReference; fileEncoding = 4; lastKnownFileType = text; path = "SSDT-USB-6x60.dsl"; sourceTree = "<group>"; };
		ED499C5F1CBE8A6500C7C106 /* SSDT-BATT-G3.dsl */ = {isa = PBXFileReference; fileEncoding = 4; lastKnownFileType = text; path = "SSDT-BATT-G3.dsl"; sourceTree = "<group>"; };
		ED4CEBE31CBE80A100831F4D /* config_Skylake.plist */ = {isa = PBXFileReference; fileEncoding = 4; lastKnownFileType = text.plist.xml; path = config_Skylake.plist; sourceTree = "<group>"; };
		ED511C971C062320005DAA2B /* config_ALC282.plist */ = {isa = PBXFileReference; fileEncoding = 4; lastKnownFileType = text.plist.xml; path = config_ALC282.plist; sourceTree = "<group>"; };
		ED511C981C062320005DAA2B /* config_master.plist */ = {isa = PBXFileReference; fileEncoding = 4; lastKnownFileType = text.plist.xml; path = config_master.plist; sourceTree = "<group>"; };
		ED511C991C062320005DAA2B /* config_non_Intel_USB3.plist */ = {isa = PBXFileReference; fileEncoding = 4; lastKnownFileType = text.plist.xml; path = config_non_Intel_USB3.plist; sourceTree = "<group>"; };
		ED511C9A1C0623AB005DAA2B /* config_IDT76d1.plist */ = {isa = PBXFileReference; fileEncoding = 4; lastKnownFileType = text.plist.xml; path = config_IDT76d1.plist; sourceTree = "<group>"; };
		ED511C9B1C0624BF005DAA2B /* config_IDT76d9.plist */ = {isa = PBXFileReference; fileEncoding = 4; lastKnownFileType = text.plist.xml; path = config_IDT76d9.plist; sourceTree = "<group>"; };
		ED53FB961CBF383B001FDA9B /* SSDT-USB-8x60.dsl */ = {isa = PBXFileReference; fileEncoding = 4; lastKnownFileType = text; path = "SSDT-USB-8x60.dsl"; sourceTree = "<group>"; };
		ED56AA131C08B10A00260DBA /* config_Broadwell.plist */ = {isa = PBXFileReference; fileEncoding = 4; lastKnownFileType = text.plist.xml; path = config_Broadwell.plist; sourceTree = "<group>"; };
		ED56AA141C08B10A00260DBA /* config_Haswell.plist */ = {isa = PBXFileReference; fileEncoding = 4; lastKnownFileType = text.plist.xml; path = config_Haswell.plist; sourceTree = "<group>"; };
		ED56AA151C08B10A00260DBA /* config_HD4000.plist */ = {isa = PBXFileReference; fileEncoding = 4; lastKnownFileType = text.plist.xml; path = config_HD4000.plist; sourceTree = "<group>"; };
		ED56AA161C08B10A00260DBA /* config_HD3000.plist */ = {isa = PBXFileReference; fileEncoding = 4; lastKnownFileType = text.plist.xml; path = config_HD3000.plist; sourceTree = "<group>"; };
		ED634E2619FD2A9B00289C54 /* 14_ProBook-102key.txt */ = {isa = PBXFileReference; fileEncoding = 4; lastKnownFileType = text; name = "14_ProBook-102key.txt"; path = "patches/14_ProBook-102key.txt"; sourceTree = "<group>"; };
		ED634E2719FD2B3E00289C54 /* 14_ProBook-87key.txt */ = {isa = PBXFileReference; fileEncoding = 4; lastKnownFileType = text; name = "14_ProBook-87key.txt"; path = "patches/14_ProBook-87key.txt"; sourceTree = "<group>"; };
		ED6CF8F31CBE8224009A49C7 /* config_CX20724.plist */ = {isa = PBXFileReference; fileEncoding = 4; lastKnownFileType = text.plist.xml; path = config_CX20724.plist; sourceTree = "<group>"; };
		ED7126761C16A6F200BBED31 /* SSDT-USB-4x30s.dsl */ = {isa = PBXFileReference; fileEncoding = 4; lastKnownFileType = text; path = "SSDT-USB-4x30s.dsl"; sourceTree = "<group>"; };
		ED72750B1BE1B1D700314108 /* config_4x30s.plist */ = {isa = PBXFileReference; fileEncoding = 4; lastKnownFileType = text.plist.xml; name = config_4x30s.plist; path = config/config_4x30s.plist; sourceTree = "<group>"; };
		ED7A2ADB1CBEF56000062967 /* config_4x0s_G3_Skylake.plist */ = {isa = PBXFileReference; fileEncoding = 4; lastKnownFileType = text.plist.xml; name = config_4x0s_G3_Skylake.plist; path = config/config_4x0s_G3_Skylake.plist; sourceTree = "<group>"; };
		ED7A2ADC1CBEF56000062967 /* config_6x60p.plist */ = {isa = PBXFileReference; fileEncoding = 4; lastKnownFileType = text.plist.xml; name = config_6x60p.plist; path = config/config_6x60p.plist; sourceTree = "<group>"; };
		ED7A2ADD1CBEF56000062967 /* config_6x70p.plist */ = {isa = PBXFileReference; fileEncoding = 4; lastKnownFileType = text.plist.xml; name = config_6x70p.plist; path = config/config_6x70p.plist; sourceTree = "<group>"; };
		ED7A2ADE1CBEF56000062967 /* config_8x60p.plist */ = {isa = PBXFileReference; fileEncoding = 4; lastKnownFileType = text.plist.xml; name = config_8x60p.plist; path = config/config_8x60p.plist; sourceTree = "<group>"; };
		ED7A2ADF1CBEF56000062967 /* config_8x70p.plist */ = {isa = PBXFileReference; fileEncoding = 4; lastKnownFileType = text.plist.xml; name = config_8x70p.plist; path = config/config_8x70p.plist; sourceTree = "<group>"; };
		ED85B91A1C44A2FC004A5921 /* config_ALC280.plist */ = {isa = PBXFileReference; fileEncoding = 4; lastKnownFileType = text.plist.xml; path = config_ALC280.plist; sourceTree = "<group>"; };
		ED97346F1C0A5F260063BCF9 /* download.sh */ = {isa = PBXFileReference; fileEncoding = 4; lastKnownFileType = text.script.sh; path = download.sh; sourceTree = "<group>"; };
		ED9734701C0A5F370063BCF9 /* install_downloads.sh */ = {isa = PBXFileReference; fileEncoding = 4; lastKnownFileType = text.script.sh; path = install_downloads.sh; sourceTree = "<group>"; };
		ED9B77141CB2BFBC000E62FE /* SSDT-USB-6x70.dsl */ = {isa = PBXFileReference; fileEncoding = 4; lastKnownFileType = text; path = "SSDT-USB-6x70.dsl"; sourceTree = "<group>"; };
		EDA4905A1CC04CD100A2562A /* SSDT-HECI.dsl */ = {isa = PBXFileReference; fileEncoding = 4; lastKnownFileType = text; path = "SSDT-HECI.dsl"; sourceTree = "<group>"; };
		EDB940B71C04D11C00480024 /* SSDT-BATT.dsl */ = {isa = PBXFileReference; fileEncoding = 4; lastKnownFileType = text; path = "SSDT-BATT.dsl"; sourceTree = "<group>"; };
		EDB940B91C04D2CB00480024 /* SSDT-BATT-G2.dsl */ = {isa = PBXFileReference; fileEncoding = 4; lastKnownFileType = text; path = "SSDT-BATT-G2.dsl"; sourceTree = "<group>"; };
		EDB940BB1C04D4D400480024 /* SSDT-KEY102.dsl */ = {isa = PBXFileReference; fileEncoding = 4; lastKnownFileType = text; path = "SSDT-KEY102.dsl"; sourceTree = "<group>"; };
		EDB940BC1C04D4D400480024 /* SSDT-KEY87.dsl */ = {isa = PBXFileReference; fileEncoding = 4; lastKnownFileType = text; path = "SSDT-KEY87.dsl"; sourceTree = "<group>"; };
		EDB940BD1C04D78800480024 /* SSDT-FAN-QUIET.dsl */ = {isa = PBXFileReference; fileEncoding = 4; lastKnownFileType = text; path = "SSDT-FAN-QUIET.dsl"; sourceTree = "<group>"; };
		EDB940BE1C04D99A00480024 /* SSDT-FAN-READ.dsl */ = {isa = PBXFileReference; fileEncoding = 4; lastKnownFileType = text; path = "SSDT-FAN-READ.dsl"; sourceTree = "<group>"; };
		EDB940BF1C04D99A00480024 /* SSDT-FAN-ORIG.dsl */ = {isa = PBXFileReference; fileEncoding = 4; lastKnownFileType = text; path = "SSDT-FAN-ORIG.dsl"; sourceTree = "<group>"; };
		EDBFC62A1AC74DA600E24D1F /* 06a_Battery_PNOT.txt */ = {isa = PBXFileReference; fileEncoding = 4; lastKnownFileType = text; name = 06a_Battery_PNOT.txt; path = patches/06a_Battery_PNOT.txt; sourceTree = "<group>"; };
		EDC2F47F1C87D6370009DA13 /* SSDT-USB-840-G2.dsl */ = {isa = PBXFileReference; fileEncoding = 4; lastKnownFileType = text; path = "SSDT-USB-840-G2.dsl"; sourceTree = "<group>"; };
		EDCDE4FD1CAC1A6700EBF998 /* SSDT-USB-820-G2.dsl */ = {isa = PBXFileReference; fileEncoding = 4; lastKnownFileType = text; path = "SSDT-USB-820-G2.dsl"; sourceTree = "<group>"; };
		EDD010261CC0181000D0CCF1 /* Backlight_0xad9.plist */ = {isa = PBXFileReference; fileEncoding = 4; lastKnownFileType = text.plist.xml; path = Backlight_0xad9.plist; sourceTree = "<group>"; };
		EDD44B6E1C178B17003D0CA9 /* config_IDT76e0.plist */ = {isa = PBXFileReference; fileEncoding = 4; lastKnownFileType = text.plist.xml; path = config_IDT76e0.plist; sourceTree = "<group>"; };
		EDD44B6F1C178B17003D0CA9 /* config_IDT7695.plist */ = {isa = PBXFileReference; fileEncoding = 4; lastKnownFileType = text.plist.xml; path = config_IDT7695.plist; sourceTree = "<group>"; };
		EDD44B701C178B17003D0CA9 /* config_IDT7605.plist */ = {isa = PBXFileReference; fileEncoding = 4; lastKnownFileType = text.plist.xml; path = config_IDT7605.plist; sourceTree = "<group>"; };
		EDD44B711C178DD1003D0CA9 /* config_8x0s_G2_Broadwell.plist */ = {isa = PBXFileReference; fileEncoding = 4; lastKnownFileType = text.plist.xml; name = config_8x0s_G2_Broadwell.plist; path = config/config_8x0s_G2_Broadwell.plist; sourceTree = "<group>"; };
		EDD44B721C178DD1003D0CA9 /* config_4x0s_G2_Broadwell.plist */ = {isa = PBXFileReference; fileEncoding = 4; lastKnownFileType = text.plist.xml; name = config_4x0s_G2_Broadwell.plist; path = config/config_4x0s_G2_Broadwell.plist; sourceTree = "<group>"; };
		EDD44B731C178DD1003D0CA9 /* config_8x0s_G2_Haswell.plist */ = {isa = PBXFileReference; fileEncoding = 4; lastKnownFileType = text.plist.xml; name = config_8x0s_G2_Haswell.plist; path = config/config_8x0s_G2_Haswell.plist; sourceTree = "<group>"; };
		EDD44B741C178DD1003D0CA9 /* config_3x0_G1.plist */ = {isa = PBXFileReference; fileEncoding = 4; lastKnownFileType = text.plist.xml; name = config_3x0_G1.plist; path = config/config_3x0_G1.plist; sourceTree = "<group>"; };
		EDD44B751C178DD1003D0CA9 /* config_4x0s_G1_Ivy.plist */ = {isa = PBXFileReference; fileEncoding = 4; lastKnownFileType = text.plist.xml; name = config_4x0s_G1_Ivy.plist; path = config/config_4x0s_G1_Ivy.plist; sourceTree = "<group>"; };
		EDD44B761C178DD1003D0CA9 /* config_4x0s_G2_Haswell.plist */ = {isa = PBXFileReference; fileEncoding = 4; lastKnownFileType = text.plist.xml; name = config_4x0s_G2_Haswell.plist; path = config/config_4x0s_G2_Haswell.plist; sourceTree = "<group>"; };
		EDD44B791C178DD1003D0CA9 /* config_8x0s_G1_Ivy.plist */ = {isa = PBXFileReference; fileEncoding = 4; lastKnownFileType = text.plist.xml; name = config_8x0s_G1_Ivy.plist; path = config/config_8x0s_G1_Ivy.plist; sourceTree = "<group>"; };
		EDD44B7A1C178DD1003D0CA9 /* config_9x70m.plist */ = {isa = PBXFileReference; fileEncoding = 4; lastKnownFileType = text.plist.xml; name = config_9x70m.plist; path = config/config_9x70m.plist; sourceTree = "<group>"; };
		EDD44B7C1C178E90003D0CA9 /* config_4x0s_G0.plist */ = {isa = PBXFileReference; fileEncoding = 4; lastKnownFileType = text.plist.xml; name = config_4x0s_G0.plist; path = config/config_4x0s_G0.plist; sourceTree = "<group>"; };
		EDE8FF151C18123F006FCDD1 /* SSDT-USB-8x0s-G1.dsl */ = {isa = PBXFileReference; fileEncoding = 4; lastKnownFileType = text; path = "SSDT-USB-8x0s-G1.dsl"; sourceTree = "<group>"; };
		EDEAE87C1CBEEC2E00E1DF9D /* layout5.plist */ = {isa = PBXFileReference; fileEncoding = 4; lastKnownFileType = text.plist.xml; name = layout5.plist; path = Resources_ProBook/layout5.plist; sourceTree = "<group>"; };
		EDEC127B1C180E880080CCCA /* config_8x0s_G1_Haswell.plist */ = {isa = PBXFileReference; fileEncoding = 4; lastKnownFileType = text.plist.xml; name = config_8x0s_G1_Haswell.plist; path = config/config_8x0s_G1_Haswell.plist; sourceTree = "<group>"; };
		EDF9A6211C0514C300A2E045 /* SSDT-IGPU.dsl */ = {isa = PBXFileReference; fileEncoding = 4; lastKnownFileType = text; path = "SSDT-IGPU.dsl"; sourceTree = "<group>"; };
/* End PBXFileReference section */

/* Begin PBXGroup section */
		847F5ED91B508AFC00825CE8 /* backlight */ = {
			isa = PBXGroup;
			children = (
				847F5EDC1B508B4B00825CE8 /* patch_backlight.sh */,
				847F5EDD1B508B4B00825CE8 /* Backlight_0x710.plist */,
				EDD010261CC0181000D0CCF1 /* Backlight_0xad9.plist */,
			);
			name = backlight;
			sourceTree = "<group>";
		};
		847F5EDA1B508B0800825CE8 /* USBXHCI_4x40s.kext */ = {
			isa = PBXGroup;
			children = (
				847F5EDB1B508B2C00825CE8 /* Info.plist */,
			);
			name = USBXHCI_4x40s.kext;
			sourceTree = "<group>";
		};
		847F5EDF1B508B8200825CE8 /* mini-SSDTs */ = {
			isa = PBXGroup;
			children = (
				846B57131706046600E19787 /* Mini-SSDT.dsl */,
				843DA4791706024900E87F04 /* Mini-SSDT-DualLink.dsl */,
				84F52D0B1709C9A3001643C8 /* Mini-SSDT-IMEI.dsl */,
				8456BC3D1752A827008F4353 /* Mini-SSDT-DisableGraphics.dsl */,
				84E815E21752C76500B9EF1E /* Mini-SSDT-AR9285.dsl */,
			);
			name = "mini-SSDTs";
			sourceTree = "<group>";
		};
		847F5EE01B508C1400825CE8 /* other patches */ = {
			isa = PBXGroup;
			children = (
				84B9D52416FFE684002CD441 /* xx_Brightness.txt */,
				849EBD50170340BF007EFCFF /* xx_KeyBacklight.txt */,
			);
			name = "other patches";
			sourceTree = "<group>";
		};
		847F5EE11B508C2300825CE8 /* ProBook patches */ = {
			isa = PBXGroup;
			children = (
				845FE5EF1702639F004601B0 /* .maciasl */,
				84878E3B17445FE100F82A03 /* 00_Optimize.txt */,
				84B9D51916FFE684002CD441 /* 01_Compilation.txt */,
				84B9D51A16FFE684002CD441 /* 02_DSDTPatch.txt */,
				84D4D88B17025A4E004FF373 /* 02a_EHCI_4x30s.txt */,
				84D4D88D17025AFA004FF373 /* 02b_EHCI_4x40s.txt */,
				84B9D51C16FFE684002CD441 /* 03a_HDMI.txt */,
				84B9D51E16FFE684002CD441 /* 03b_1080p+HDMI.txt */,
				84FD879D18BCC6B1000BC61E /* 03c_Haswell-HDMI.txt */,
				84B9D52016FFE684002CD441 /* 04a_FanPatch.txt */,
				84B9D51F16FFE684002CD441 /* 04b_FanQuiet.txt */,
				845A57FA1733114800E882FA /* 04b_FanQuietMod.txt */,
				84D4D88F17025C86004FF373 /* 04c_FanSpeed.txt */,
				842CC2BE189750A4008240D1 /* 04b_FanSmooth.txt */,
				84B9D52116FFE684002CD441 /* 05_OScheck.txt */,
				84B9D52216FFE684002CD441 /* 06_Battery.txt */,
				EDBFC62A1AC74DA600E24D1F /* 06a_Battery_PNOT.txt */,
				8418ECBF17025DF5007A25C4 /* 07_MEI_4x40s_Sandy.txt */,
				84B941FD1703347E00C5913C /* 08a_AR9285.txt */,
				8470FEA0180B7FD700FA322E /* 08b_BCM4322x.txt */,
				84DA7C6317033BC400738DC0 /* 09_USB3_4x40s_Mieze.txt */,
				847F5ED81B50873A00825CE8 /* 09_USB3_4x40s_10_11.txt */,
				84F616791850BC650053B76E /* 10_LPC_4x40s_Sandy_SL.txt */,
				84B165B81856183900C2DF39 /* 11a_Radeon_OFF_SSDT.txt */,
				84B165B91856187E00C2DF39 /* 11b_Radeon_OFF_DSDT.txt */,
				842F94371858FA4400BAF14B /* 12_Brightness.txt */,
				84817C301878CFE00061AF92 /* 13_Brightness.txt */,
				ED634E2719FD2B3E00289C54 /* 14_ProBook-87key.txt */,
				ED634E2619FD2A9B00289C54 /* 14_ProBook-102key.txt */,
				8499C9761704B5F70066A5F3 /* NullPatch.txt */,
			);
			name = "ProBook patches";
			sourceTree = "<group>";
		};
		84B9D50E16FFE58F002CD441 = {
			isa = PBXGroup;
			children = (
				84B9D52716FFE684002CD441 /* README.txt */,
				84B9D52516FFE684002CD441 /* License.md */,
				ED97346F1C0A5F260063BCF9 /* download.sh */,
				ED9734701C0A5F370063BCF9 /* install_downloads.sh */,
				84B9D52616FFE684002CD441 /* makefile */,
				ED1837451C0A4B1200A5A3DA /* print_version.sh */,
				ED1837421C0A4B1200A5A3DA /* merge_plist.sh */,
				ED1837431C0A4B1200A5A3DA /* mount_efi.sh */,
				ED18374F1C0A4B5D00A5A3DA /* audio */,
				EDB940BA1C04D44500480024 /* hotpatch */,
				847F5EDA1B508B0800825CE8 /* USBXHCI_4x40s.kext */,
				847F5ED91B508AFC00825CE8 /* backlight */,
				847F5EDF1B508B8200825CE8 /* mini-SSDTs */,
				847F5EE11B508C2300825CE8 /* ProBook patches */,
				847F5EE01B508C1400825CE8 /* other patches */,
			);
			sourceTree = "<group>";
		};
		ED18374F1C0A4B5D00A5A3DA /* audio */ = {
			isa = PBXGroup;
			children = (
				ED18374E1C0A4B1200A5A3DA /* README.txt */,
				ED1837441C0A4B1200A5A3DA /* patch_hda.sh */,
				ED1837461C0A4B1200A5A3DA /* ahhcd.plist */,
				ED18374D1C0A4B1200A5A3DA /* Platforms.plist */,
				ED1837471C0A4B1200A5A3DA /* layout3.plist */,
				84CF5EEA1CA9DF3200FB64FA /* layout4.plist */,
				EDEAE87C1CBEEC2E00E1DF9D /* layout5.plist */,
				ED1837481C0A4B1200A5A3DA /* layout12.plist */,
				ED1837491C0A4B1200A5A3DA /* layout13.plist */,
				84CF5EE71CA9DF2000FB64FA /* layout17.plist */,
				84CF5EE81CA9DF2000FB64FA /* layout18.plist */,
				84CF5EE91CA9DF2000FB64FA /* layout19.plist */,
			);
			name = audio;
			sourceTree = "<group>";
		};
		ED3089661C077B9A00BAB77C /* Generated config */ = {
			isa = PBXGroup;
			children = (
				ED72750B1BE1B1D700314108 /* config_4x30s.plist */,
				84144E971BC64063004DF673 /* config_4x40s.plist */,
				ED7A2ADC1CBEF56000062967 /* config_6x60p.plist */,
				ED7A2ADD1CBEF56000062967 /* config_6x70p.plist */,
				ED7A2ADE1CBEF56000062967 /* config_8x60p.plist */,
				ED7A2ADF1CBEF56000062967 /* config_8x70p.plist */,
				EDD44B7A1C178DD1003D0CA9 /* config_9x70m.plist */,
				EDD44B741C178DD1003D0CA9 /* config_3x0_G1.plist */,
				EDD44B7C1C178E90003D0CA9 /* config_4x0s_G0.plist */,
				EDD44B751C178DD1003D0CA9 /* config_4x0s_G1_Ivy.plist */,
				EDD44B791C178DD1003D0CA9 /* config_8x0s_G1_Ivy.plist */,
				EDEC127B1C180E880080CCCA /* config_8x0s_G1_Haswell.plist */,
				EDD44B761C178DD1003D0CA9 /* config_4x0s_G2_Haswell.plist */,
				EDD44B731C178DD1003D0CA9 /* config_8x0s_G2_Haswell.plist */,
				EDD44B721C178DD1003D0CA9 /* config_4x0s_G2_Broadwell.plist */,
				EDD44B711C178DD1003D0CA9 /* config_8x0s_G2_Broadwell.plist */,
				84FAF3521CA9FB630066178B /* config_ZBook_G2_Haswell.plist */,
				ED7A2ADB1CBEF56000062967 /* config_4x0s_G3_Skylake.plist */,
			);
			name = "Generated config";
			sourceTree = "<group>";
		};
		EDB940BA1C04D44500480024 /* hotpatch */ = {
			isa = PBXGroup;
			children = (
				84EEDDDC1BC605BE000F5071 /* SSDT-HACK.dsl */,
				EDF9A6211C0514C300A2E045 /* SSDT-IGPU.dsl */,
				EDA4905A1CC04CD100A2562A /* SSDT-HECI.dsl */,
				EDB940B71C04D11C00480024 /* SSDT-BATT.dsl */,
				EDB940B91C04D2CB00480024 /* SSDT-BATT-G2.dsl */,
				ED499C5F1CBE8A6500C7C106 /* SSDT-BATT-G3.dsl */,
				EDB940BC1C04D4D400480024 /* SSDT-KEY87.dsl */,
				EDB940BB1C04D4D400480024 /* SSDT-KEY102.dsl */,
				EDB940BD1C04D78800480024 /* SSDT-FAN-QUIET.dsl */,
				EDB940BF1C04D99A00480024 /* SSDT-FAN-ORIG.dsl */,
				EDB940BE1C04D99A00480024 /* SSDT-FAN-READ.dsl */,
				ED7126761C16A6F200BBED31 /* SSDT-USB-4x30s.dsl */,
				84A520C71C166BF5006C4C64 /* SSDT-USB-4x40s.dsl */,
				ED1278681C1655010094A691 /* SSDT-USB-4x0s-G2.dsl */,
				ED304EF01CB95CC100780D95 /* SSDT-USB-6x60.dsl */,
				ED53FB961CBF383B001FDA9B /* SSDT-USB-8x60.dsl */,
				ED9B77141CB2BFBC000E62FE /* SSDT-USB-6x70.dsl */,
				EDE8FF151C18123F006FCDD1 /* SSDT-USB-8x0s-G1.dsl */,
				EDCDE4FD1CAC1A6700EBF998 /* SSDT-USB-820-G2.dsl */,
				EDC2F47F1C87D6370009DA13 /* SSDT-USB-840-G2.dsl */,
				ED511C981C062320005DAA2B /* config_master.plist */,
				ED511C971C062320005DAA2B /* config_ALC282.plist */,
				ED85B91A1C44A2FC004A5921 /* config_ALC280.plist */,
				ED6CF8F31CBE8224009A49C7 /* config_CX20724.plist */,
				ED511C9A1C0623AB005DAA2B /* config_IDT76d1.plist */,
				ED511C9B1C0624BF005DAA2B /* config_IDT76d9.plist */,
				EDD44B701C178B17003D0CA9 /* config_IDT7605.plist */,
				EDD44B6E1C178B17003D0CA9 /* config_IDT76e0.plist */,
				EDD44B6F1C178B17003D0CA9 /* config_IDT7695.plist */,
				ED511C991C062320005DAA2B /* config_non_Intel_USB3.plist */,
				ED56AA161C08B10A00260DBA /* config_HD3000.plist */,
				ED56AA151C08B10A00260DBA /* config_HD4000.plist */,
				ED56AA141C08B10A00260DBA /* config_Haswell.plist */,
				ED56AA131C08B10A00260DBA /* config_Broadwell.plist */,
				ED4CEBE31CBE80A100831F4D /* config_Skylake.plist */,
				ED3089661C077B9A00BAB77C /* Generated config */,
			);
			name = hotpatch;
			sourceTree = "<group>";
		};
/* End PBXGroup section */

/* Begin PBXLegacyTarget section */
		84B9D51316FFE58F002CD441 /* Patches */ = {
			isa = PBXLegacyTarget;
			buildArgumentsString = "$(ACTION)";
			buildConfigurationList = 84B9D51616FFE58F002CD441 /* Build configuration list for PBXLegacyTarget "Patches" */;
			buildPhases = (
			);
			buildToolPath = /usr/bin/make;
			dependencies = (
			);
			name = Patches;
			passBuildSettingsInEnvironment = 1;
			productName = Patches;
		};
/* End PBXLegacyTarget section */

/* Begin PBXProject section */
		84B9D50F16FFE58F002CD441 /* Project object */ = {
			isa = PBXProject;
			attributes = {
				LastUpgradeCheck = 0460;
				ORGANIZATIONNAME = RehabMan;
			};
			buildConfigurationList = 84B9D51216FFE58F002CD441 /* Build configuration list for PBXProject "Patches" */;
			compatibilityVersion = "Xcode 3.2";
			developmentRegion = English;
			hasScannedForEncodings = 0;
			knownRegions = (
				en,
			);
			mainGroup = 84B9D50E16FFE58F002CD441;
			projectDirPath = "";
			projectRoot = "";
			targets = (
				84B9D51316FFE58F002CD441 /* Patches */,
			);
		};
/* End PBXProject section */

/* Begin XCBuildConfiguration section */
		84B9D51516FFE58F002CD441 /* Release */ = {
			isa = XCBuildConfiguration;
			buildSettings = {
				ALWAYS_SEARCH_USER_PATHS = NO;
				ARCHS = "$(ARCHS_STANDARD_64_BIT)";
				CLANG_CXX_LANGUAGE_STANDARD = "gnu++0x";
				CLANG_CXX_LIBRARY = "libc++";
				CLANG_WARN_CONSTANT_CONVERSION = YES;
				CLANG_WARN_EMPTY_BODY = YES;
				CLANG_WARN_ENUM_CONVERSION = YES;
				CLANG_WARN_INT_CONVERSION = YES;
				CLANG_WARN__DUPLICATE_METHOD_MATCH = YES;
				COPY_PHASE_STRIP = YES;
				DEBUG_INFORMATION_FORMAT = "dwarf-with-dsym";
				GCC_C_LANGUAGE_STANDARD = gnu99;
				GCC_ENABLE_OBJC_EXCEPTIONS = YES;
				GCC_WARN_64_TO_32_BIT_CONVERSION = YES;
				GCC_WARN_ABOUT_RETURN_TYPE = YES;
				GCC_WARN_UNINITIALIZED_AUTOS = YES;
				GCC_WARN_UNUSED_VARIABLE = YES;
				MACOSX_DEPLOYMENT_TARGET = 10.8;
				SDKROOT = macosx;
			};
			name = Release;
		};
		84B9D51816FFE58F002CD441 /* Release */ = {
			isa = XCBuildConfiguration;
			buildSettings = {
				OTHER_CFLAGS = "";
				OTHER_LDFLAGS = "";
				PRODUCT_NAME = "$(TARGET_NAME)";
			};
			name = Release;
		};
/* End XCBuildConfiguration section */

/* Begin XCConfigurationList section */
		84B9D51216FFE58F002CD441 /* Build configuration list for PBXProject "Patches" */ = {
			isa = XCConfigurationList;
			buildConfigurations = (
				84B9D51516FFE58F002CD441 /* Release */,
			);
			defaultConfigurationIsVisible = 0;
			defaultConfigurationName = Release;
		};
		84B9D51616FFE58F002CD441 /* Build configuration list for PBXLegacyTarget "Patches" */ = {
			isa = XCConfigurationList;
			buildConfigurations = (
				84B9D51816FFE58F002CD441 /* Release */,
			);
			defaultConfigurationIsVisible = 0;
			defaultConfigurationName = Release;
		};
/* End XCConfigurationList section */
	};
	rootObject = 84B9D50F16FFE58F002CD441 /* Project object */;
}
